// !$*UTF8*$!
{
	archiveVersion = 1;
	classes = {
	};
	objectVersion = 55;
	objects = {

/* Begin PBXBuildFile section */
		BFA2F97627603FEF00029961 /* FunctionsViewApp.swift in Sources */ = {isa = PBXBuildFile; fileRef = BFA2F97527603FEF00029961 /* FunctionsViewApp.swift */; };
		BFA2F97827603FEF00029961 /* ContentView.swift in Sources */ = {isa = PBXBuildFile; fileRef = BFA2F97727603FEF00029961 /* ContentView.swift */; };
		BFA2F97A27603FF200029961 /* Assets.xcassets in Resources */ = {isa = PBXBuildFile; fileRef = BFA2F97927603FF200029961 /* Assets.xcassets */; };
		BFA2F97D27603FF200029961 /* Preview Assets.xcassets in Resources */ = {isa = PBXBuildFile; fileRef = BFA2F97C27603FF200029961 /* Preview Assets.xcassets */; };
		BFE6BBA72760571A00412E36 /* GoogleService-Info.plist in Resources */ = {isa = PBXBuildFile; fileRef = BFE6BBA62760571A00412E36 /* GoogleService-Info.plist */; };
		BFFDB3ED27604DCC00B77C7B /* FirebaseAnalytics in Frameworks */ = {isa = PBXBuildFile; productRef = BFFDB3EC27604DCC00B77C7B /* FirebaseAnalytics */; };
		BFFDB3EF27604DCC00B77C7B /* FirebaseAuth in Frameworks */ = {isa = PBXBuildFile; productRef = BFFDB3EE27604DCC00B77C7B /* FirebaseAuth */; };
		BFFDB3F127604DCC00B77C7B /* FirebaseDatabase in Frameworks */ = {isa = PBXBuildFile; productRef = BFFDB3F027604DCC00B77C7B /* FirebaseDatabase */; };
		BFFDB3F327604DCC00B77C7B /* FirebaseFirestore in Frameworks */ = {isa = PBXBuildFile; productRef = BFFDB3F227604DCC00B77C7B /* FirebaseFirestore */; };
		BFFDB3F527604DCC00B77C7B /* FirebaseFunctions in Frameworks */ = {isa = PBXBuildFile; productRef = BFFDB3F427604DCC00B77C7B /* FirebaseFunctions */; };
		BFFDB3F727604DCC00B77C7B /* FirebaseStorage in Frameworks */ = {isa = PBXBuildFile; productRef = BFFDB3F627604DCC00B77C7B /* FirebaseStorage */; };
/* End PBXBuildFile section */

/* Begin PBXFileReference section */
		BFA2F97227603FEF00029961 /* FunctionsView.app */ = {isa = PBXFileReference; explicitFileType = wrapper.application; includeInIndex = 0; path = FunctionsView.app; sourceTree = BUILT_PRODUCTS_DIR; };
		BFA2F97527603FEF00029961 /* FunctionsViewApp.swift */ = {isa = PBXFileReference; lastKnownFileType = sourcecode.swift; path = FunctionsViewApp.swift; sourceTree = "<group>"; };
		BFA2F97727603FEF00029961 /* ContentView.swift */ = {isa = PBXFileReference; lastKnownFileType = sourcecode.swift; path = ContentView.swift; sourceTree = "<group>"; };
		BFA2F97927603FF200029961 /* Assets.xcassets */ = {isa = PBXFileReference; lastKnownFileType = folder.assetcatalog; path = Assets.xcassets; sourceTree = "<group>"; };
		BFA2F97C27603FF200029961 /* Preview Assets.xcassets */ = {isa = PBXFileReference; lastKnownFileType = folder.assetcatalog; path = "Preview Assets.xcassets"; sourceTree = "<group>"; };
		BFE6BBA62760571A00412E36 /* GoogleService-Info.plist */ = {isa = PBXFileReference; lastKnownFileType = text.plist.xml; path = "GoogleService-Info.plist"; sourceTree = SOURCE_ROOT; };
/* End PBXFileReference section */

/* Begin PBXFrameworksBuildPhase section */
		BFA2F96F27603FEF00029961 /* Frameworks */ = {
			isa = PBXFrameworksBuildPhase;
			buildActionMask = 2147483647;
			files = (
				BFFDB3F127604DCC00B77C7B /* FirebaseDatabase in Frameworks */,
				BFFDB3F327604DCC00B77C7B /* FirebaseFirestore in Frameworks */,
				BFFDB3F527604DCC00B77C7B /* FirebaseFunctions in Frameworks */,
				BFFDB3ED27604DCC00B77C7B /* FirebaseAnalytics in Frameworks */,
				BFFDB3EF27604DCC00B77C7B /* FirebaseAuth in Frameworks */,
				BFFDB3F727604DCC00B77C7B /* FirebaseStorage in Frameworks */,
			);
			runOnlyForDeploymentPostprocessing = 0;
		};
/* End PBXFrameworksBuildPhase section */

/* Begin PBXGroup section */
		BFA2F96927603FEF00029961 = {
			isa = PBXGroup;
			children = (
				BFA2F97427603FEF00029961 /* FunctionsView */,
				BFA2F97327603FEF00029961 /* Products */,
			);
			sourceTree = "<group>";
		};
		BFA2F97327603FEF00029961 /* Products */ = {
			isa = PBXGroup;
			children = (
				BFA2F97227603FEF00029961 /* FunctionsView.app */,
			);
			name = Products;
			sourceTree = "<group>";
		};
		BFA2F97427603FEF00029961 /* FunctionsView */ = {
			isa = PBXGroup;
			children = (
				BFA2F97527603FEF00029961 /* FunctionsViewApp.swift */,
				BFA2F97727603FEF00029961 /* ContentView.swift */,
				BFE6BBA62760571A00412E36 /* GoogleService-Info.plist */,
				BFA2F97927603FF200029961 /* Assets.xcassets */,
				BFA2F97B27603FF200029961 /* Preview Content */,
			);
			path = FunctionsView;
			sourceTree = "<group>";
		};
		BFA2F97B27603FF200029961 /* Preview Content */ = {
			isa = PBXGroup;
			children = (
				BFA2F97C27603FF200029961 /* Preview Assets.xcassets */,
			);
			path = "Preview Content";
			sourceTree = "<group>";
		};
/* End PBXGroup section */

/* Begin PBXNativeTarget section */
		BFA2F97127603FEF00029961 /* FunctionsView */ = {
			isa = PBXNativeTarget;
			buildConfigurationList = BFA2F98027603FF200029961 /* Build configuration list for PBXNativeTarget "FunctionsView" */;
			buildPhases = (
				BFA2F96E27603FEF00029961 /* Sources */,
				BFA2F96F27603FEF00029961 /* Frameworks */,
				BFA2F97027603FEF00029961 /* Resources */,
			);
			buildRules = (
			);
			dependencies = (
			);
			name = FunctionsView;
			packageProductDependencies = (
				BFFDB3EC27604DCC00B77C7B /* FirebaseAnalytics */,
				BFFDB3EE27604DCC00B77C7B /* FirebaseAuth */,
				BFFDB3F027604DCC00B77C7B /* FirebaseDatabase */,
				BFFDB3F227604DCC00B77C7B /* FirebaseFirestore */,
				BFFDB3F427604DCC00B77C7B /* FirebaseFunctions */,
				BFFDB3F627604DCC00B77C7B /* FirebaseStorage */,
			);
			productName = FunctionsView;
			productReference = BFA2F97227603FEF00029961 /* FunctionsView.app */;
			productType = "com.apple.product-type.application";
		};
/* End PBXNativeTarget section */

/* Begin PBXProject section */
		BFA2F96A27603FEF00029961 /* Project object */ = {
			isa = PBXProject;
			attributes = {
				BuildIndependentTargetsInParallel = 1;
				LastSwiftUpdateCheck = 1310;
				LastUpgradeCheck = 1310;
				TargetAttributes = {
					BFA2F97127603FEF00029961 = {
						CreatedOnToolsVersion = 13.1;
					};
				};
			};
			buildConfigurationList = BFA2F96D27603FEF00029961 /* Build configuration list for PBXProject "FunctionsView" */;
			compatibilityVersion = "Xcode 13.0";
			developmentRegion = en;
			hasScannedForEncodings = 0;
			knownRegions = (
				en,
				Base,
			);
			mainGroup = BFA2F96927603FEF00029961;
			packageReferences = (
				BFA2F985276045DB00029961 /* XCRemoteSwiftPackageReference "firebaseui-ios" */,
				BFFDB3EB27604DCC00B77C7B /* XCRemoteSwiftPackageReference "firebase-ios-sdk" */,
			);
			productRefGroup = BFA2F97327603FEF00029961 /* Products */;
			projectDirPath = "";
			projectRoot = "";
			targets = (
				BFA2F97127603FEF00029961 /* FunctionsView */,
			);
		};
/* End PBXProject section */

/* Begin PBXResourcesBuildPhase section */
		BFA2F97027603FEF00029961 /* Resources */ = {
			isa = PBXResourcesBuildPhase;
			buildActionMask = 2147483647;
			files = (
				BFA2F97D27603FF200029961 /* Preview Assets.xcassets in Resources */,
				BFE6BBA72760571A00412E36 /* GoogleService-Info.plist in Resources */,
				BFA2F97A27603FF200029961 /* Assets.xcassets in Resources */,
			);
			runOnlyForDeploymentPostprocessing = 0;
		};
/* End PBXResourcesBuildPhase section */

/* Begin PBXSourcesBuildPhase section */
		BFA2F96E27603FEF00029961 /* Sources */ = {
			isa = PBXSourcesBuildPhase;
			buildActionMask = 2147483647;
			files = (
				BFA2F97827603FEF00029961 /* ContentView.swift in Sources */,
				BFA2F97627603FEF00029961 /* FunctionsViewApp.swift in Sources */,
			);
			runOnlyForDeploymentPostprocessing = 0;
		};
/* End PBXSourcesBuildPhase section */

/* Begin XCBuildConfiguration section */
		BFA2F97E27603FF200029961 /* Debug */ = {
			isa = XCBuildConfiguration;
			buildSettings = {
				ALWAYS_SEARCH_USER_PATHS = NO;
				CLANG_ANALYZER_NONNULL = YES;
				CLANG_ANALYZER_NUMBER_OBJECT_CONVERSION = YES_AGGRESSIVE;
				CLANG_CXX_LANGUAGE_STANDARD = "gnu++17";
				CLANG_CXX_LIBRARY = "libc++";
				CLANG_ENABLE_MODULES = YES;
				CLANG_ENABLE_OBJC_ARC = YES;
				CLANG_ENABLE_OBJC_WEAK = YES;
				CLANG_WARN_BLOCK_CAPTURE_AUTORELEASING = YES;
				CLANG_WARN_BOOL_CONVERSION = YES;
				CLANG_WARN_COMMA = YES;
				CLANG_WARN_CONSTANT_CONVERSION = YES;
				CLANG_WARN_DEPRECATED_OBJC_IMPLEMENTATIONS = YES;
				CLANG_WARN_DIRECT_OBJC_ISA_USAGE = YES_ERROR;
				CLANG_WARN_DOCUMENTATION_COMMENTS = YES;
				CLANG_WARN_EMPTY_BODY = YES;
				CLANG_WARN_ENUM_CONVERSION = YES;
				CLANG_WARN_INFINITE_RECURSION = YES;
				CLANG_WARN_INT_CONVERSION = YES;
				CLANG_WARN_NON_LITERAL_NULL_CONVERSION = YES;
				CLANG_WARN_OBJC_IMPLICIT_RETAIN_SELF = YES;
				CLANG_WARN_OBJC_LITERAL_CONVERSION = YES;
				CLANG_WARN_OBJC_ROOT_CLASS = YES_ERROR;
				CLANG_WARN_QUOTED_INCLUDE_IN_FRAMEWORK_HEADER = YES;
				CLANG_WARN_RANGE_LOOP_ANALYSIS = YES;
				CLANG_WARN_STRICT_PROTOTYPES = YES;
				CLANG_WARN_SUSPICIOUS_MOVE = YES;
				CLANG_WARN_UNGUARDED_AVAILABILITY = YES_AGGRESSIVE;
				CLANG_WARN_UNREACHABLE_CODE = YES;
				CLANG_WARN__DUPLICATE_METHOD_MATCH = YES;
				COPY_PHASE_STRIP = NO;
				DEBUG_INFORMATION_FORMAT = dwarf;
				ENABLE_STRICT_OBJC_MSGSEND = YES;
				ENABLE_TESTABILITY = YES;
				GCC_C_LANGUAGE_STANDARD = gnu11;
				GCC_DYNAMIC_NO_PIC = NO;
				GCC_NO_COMMON_BLOCKS = YES;
				GCC_OPTIMIZATION_LEVEL = 0;
				GCC_PREPROCESSOR_DEFINITIONS = (
					"DEBUG=1",
					"$(inherited)",
				);
				GCC_WARN_64_TO_32_BIT_CONVERSION = YES;
				GCC_WARN_ABOUT_RETURN_TYPE = YES_ERROR;
				GCC_WARN_UNDECLARED_SELECTOR = YES;
				GCC_WARN_UNINITIALIZED_AUTOS = YES_AGGRESSIVE;
				GCC_WARN_UNUSED_FUNCTION = YES;
				GCC_WARN_UNUSED_VARIABLE = YES;
				IPHONEOS_DEPLOYMENT_TARGET = 15.0;
				MTL_ENABLE_DEBUG_INFO = INCLUDE_SOURCE;
				MTL_FAST_MATH = YES;
				ONLY_ACTIVE_ARCH = YES;
				SDKROOT = iphoneos;
				SWIFT_ACTIVE_COMPILATION_CONDITIONS = DEBUG;
				SWIFT_OPTIMIZATION_LEVEL = "-Onone";
			};
			name = Debug;
		};
		BFA2F97F27603FF200029961 /* Release */ = {
			isa = XCBuildConfiguration;
			buildSettings = {
				ALWAYS_SEARCH_USER_PATHS = NO;
				CLANG_ANALYZER_NONNULL = YES;
				CLANG_ANALYZER_NUMBER_OBJECT_CONVERSION = YES_AGGRESSIVE;
				CLANG_CXX_LANGUAGE_STANDARD = "gnu++17";
				CLANG_CXX_LIBRARY = "libc++";
				CLANG_ENABLE_MODULES = YES;
				CLANG_ENABLE_OBJC_ARC = YES;
				CLANG_ENABLE_OBJC_WEAK = YES;
				CLANG_WARN_BLOCK_CAPTURE_AUTORELEASING = YES;
				CLANG_WARN_BOOL_CONVERSION = YES;
				CLANG_WARN_COMMA = YES;
				CLANG_WARN_CONSTANT_CONVERSION = YES;
				CLANG_WARN_DEPRECATED_OBJC_IMPLEMENTATIONS = YES;
				CLANG_WARN_DIRECT_OBJC_ISA_USAGE = YES_ERROR;
				CLANG_WARN_DOCUMENTATION_COMMENTS = YES;
				CLANG_WARN_EMPTY_BODY = YES;
				CLANG_WARN_ENUM_CONVERSION = YES;
				CLANG_WARN_INFINITE_RECURSION = YES;
				CLANG_WARN_INT_CONVERSION = YES;
				CLANG_WARN_NON_LITERAL_NULL_CONVERSION = YES;
				CLANG_WARN_OBJC_IMPLICIT_RETAIN_SELF = YES;
				CLANG_WARN_OBJC_LITERAL_CONVERSION = YES;
				CLANG_WARN_OBJC_ROOT_CLASS = YES_ERROR;
				CLANG_WARN_QUOTED_INCLUDE_IN_FRAMEWORK_HEADER = YES;
				CLANG_WARN_RANGE_LOOP_ANALYSIS = YES;
				CLANG_WARN_STRICT_PROTOTYPES = YES;
				CLANG_WARN_SUSPICIOUS_MOVE = YES;
				CLANG_WARN_UNGUARDED_AVAILABILITY = YES_AGGRESSIVE;
				CLANG_WARN_UNREACHABLE_CODE = YES;
				CLANG_WARN__DUPLICATE_METHOD_MATCH = YES;
				COPY_PHASE_STRIP = NO;
				DEBUG_INFORMATION_FORMAT = "dwarf-with-dsym";
				ENABLE_NS_ASSERTIONS = NO;
				ENABLE_STRICT_OBJC_MSGSEND = YES;
				GCC_C_LANGUAGE_STANDARD = gnu11;
				GCC_NO_COMMON_BLOCKS = YES;
				GCC_WARN_64_TO_32_BIT_CONVERSION = YES;
				GCC_WARN_ABOUT_RETURN_TYPE = YES_ERROR;
				GCC_WARN_UNDECLARED_SELECTOR = YES;
				GCC_WARN_UNINITIALIZED_AUTOS = YES_AGGRESSIVE;
				GCC_WARN_UNUSED_FUNCTION = YES;
				GCC_WARN_UNUSED_VARIABLE = YES;
				IPHONEOS_DEPLOYMENT_TARGET = 15.0;
				MTL_ENABLE_DEBUG_INFO = NO;
				MTL_FAST_MATH = YES;
				SDKROOT = iphoneos;
				SWIFT_COMPILATION_MODE = wholemodule;
				SWIFT_OPTIMIZATION_LEVEL = "-O";
				VALIDATE_PRODUCT = YES;
			};
			name = Release;
		};
		BFA2F98127603FF200029961 /* Debug */ = {
			isa = XCBuildConfiguration;
			buildSettings = {
				ASSETCATALOG_COMPILER_APPICON_NAME = AppIcon;
				ASSETCATALOG_COMPILER_GLOBAL_ACCENT_COLOR_NAME = AccentColor;
				CODE_SIGN_STYLE = Automatic;
				CURRENT_PROJECT_VERSION = 1;
				DEVELOPMENT_ASSET_PATHS = "\"FunctionsView/Preview Content\"";
				DEVELOPMENT_TEAM = GH8767RCJ5;
				ENABLE_PREVIEWS = YES;
				GENERATE_INFOPLIST_FILE = YES;
				INFOPLIST_KEY_UIApplicationSceneManifest_Generation = YES;
				INFOPLIST_KEY_UIApplicationSupportsIndirectInputEvents = YES;
				INFOPLIST_KEY_UILaunchScreen_Generation = YES;
				INFOPLIST_KEY_UISupportedInterfaceOrientations_iPad = "UIInterfaceOrientationPortrait UIInterfaceOrientationPortraitUpsideDown UIInterfaceOrientationLandscapeLeft UIInterfaceOrientationLandscapeRight";
				INFOPLIST_KEY_UISupportedInterfaceOrientations_iPhone = "UIInterfaceOrientationPortrait UIInterfaceOrientationLandscapeLeft UIInterfaceOrientationLandscapeRight";
				LD_RUNPATH_SEARCH_PATHS = (
					"$(inherited)",
					"@executable_path/Frameworks",
				);
				MARKETING_VERSION = 1.0;
				PRODUCT_BUNDLE_IDENTIFIER = tekadigi.crypto.FunctionsView;
				PRODUCT_NAME = "$(TARGET_NAME)";
				SWIFT_EMIT_LOC_STRINGS = YES;
				SWIFT_VERSION = 5.0;
				TARGETED_DEVICE_FAMILY = "1,2";
			};
			name = Debug;
		};
		BFA2F98227603FF200029961 /* Release */ = {
			isa = XCBuildConfiguration;
			buildSettings = {
				ASSETCATALOG_COMPILER_APPICON_NAME = AppIcon;
				ASSETCATALOG_COMPILER_GLOBAL_ACCENT_COLOR_NAME = AccentColor;
				CODE_SIGN_STYLE = Automatic;
				CURRENT_PROJECT_VERSION = 1;
				DEVELOPMENT_ASSET_PATHS = "\"FunctionsView/Preview Content\"";
				DEVELOPMENT_TEAM = GH8767RCJ5;
				ENABLE_PREVIEWS = YES;
				GENERATE_INFOPLIST_FILE = YES;
				INFOPLIST_KEY_UIApplicationSceneManifest_Generation = YES;
				INFOPLIST_KEY_UIApplicationSupportsIndirectInputEvents = YES;
				INFOPLIST_KEY_UILaunchScreen_Generation = YES;
				INFOPLIST_KEY_UISupportedInterfaceOrientations_iPad = "UIInterfaceOrientationPortrait UIInterfaceOrientationPortraitUpsideDown UIInterfaceOrientationLandscapeLeft UIInterfaceOrientationLandscapeRight";
				INFOPLIST_KEY_UISupportedInterfaceOrientations_iPhone = "UIInterfaceOrientationPortrait UIInterfaceOrientationLandscapeLeft UIInterfaceOrientationLandscapeRight";
				LD_RUNPATH_SEARCH_PATHS = (
					"$(inherited)",
					"@executable_path/Frameworks",
				);
				MARKETING_VERSION = 1.0;
				PRODUCT_BUNDLE_IDENTIFIER = tekadigi.crypto.FunctionsView;
				PRODUCT_NAME = "$(TARGET_NAME)";
				SWIFT_EMIT_LOC_STRINGS = YES;
				SWIFT_VERSION = 5.0;
				TARGETED_DEVICE_FAMILY = "1,2";
			};
			name = Release;
		};
/* End XCBuildConfiguration section */

/* Begin XCConfigurationList section */
		BFA2F96D27603FEF00029961 /* Build configuration list for PBXProject "FunctionsView" */ = {
			isa = XCConfigurationList;
			buildConfigurations = (
				BFA2F97E27603FF200029961 /* Debug */,
				BFA2F97F27603FF200029961 /* Release */,
			);
			defaultConfigurationIsVisible = 0;
			defaultConfigurationName = Release;
		};
		BFA2F98027603FF200029961 /* Build configuration list for PBXNativeTarget "FunctionsView" */ = {
			isa = XCConfigurationList;
			buildConfigurations = (
				BFA2F98127603FF200029961 /* Debug */,
				BFA2F98227603FF200029961 /* Release */,
			);
			defaultConfigurationIsVisible = 0;
			defaultConfigurationName = Release;
		};
/* End XCConfigurationList section */

/* Begin XCRemoteSwiftPackageReference section */
		BFA2F985276045DB00029961 /* XCRemoteSwiftPackageReference "firebaseui-ios" */ = {
			isa = XCRemoteSwiftPackageReference;
			repositoryURL = "https://github.com/firebase/firebaseui-ios";
			requirement = {
				branch = master;
				kind = branch;
			};
		};
		BFFDB3EB27604DCC00B77C7B /* XCRemoteSwiftPackageReference "firebase-ios-sdk" */ = {
			isa = XCRemoteSwiftPackageReference;
			repositoryURL = "https://github.com/firebase/firebase-ios-sdk.git";
			requirement = {
				branch = master;
				kind = branch;
			};
		};
/* End XCRemoteSwiftPackageReference section */

/* Begin XCSwiftPackageProductDependency section */
		BFFDB3EC27604DCC00B77C7B /* FirebaseAnalytics */ = {
			isa = XCSwiftPackageProductDependency;
			package = BFFDB3EB27604DCC00B77C7B /* XCRemoteSwiftPackageReference "firebase-ios-sdk" */;
			productName = FirebaseAnalytics;
		};
		BFFDB3EE27604DCC00B77C7B /* FirebaseAuth */ = {
			isa = XCSwiftPackageProductDependency;
			package = BFFDB3EB27604DCC00B77C7B /* XCRemoteSwiftPackageReference "firebase-ios-sdk" */;
			productName = FirebaseAuth;
		};
		BFFDB3F027604DCC00B77C7B /* FirebaseDatabase */ = {
			isa = XCSwiftPackageProductDependency;
			package = BFFDB3EB27604DCC00B77C7B /* XCRemoteSwiftPackageReference "firebase-ios-sdk" */;
			productName = FirebaseDatabase;
		};
		BFFDB3F227604DCC00B77C7B /* FirebaseFirestore */ = {
			isa = XCSwiftPackageProductDependency;
			package = BFFDB3EB27604DCC00B77C7B /* XCRemoteSwiftPackageReference "firebase-ios-sdk" */;
			productName = FirebaseFirestore;
		};
		BFFDB3F427604DCC00B77C7B /* FirebaseFunctions */ = {
			isa = XCSwiftPackageProductDependency;
			package = BFFDB3EB27604DCC00B77C7B /* XCRemoteSwiftPackageReference "firebase-ios-sdk" */;
			productName = FirebaseFunctions;
		};
		BFFDB3F627604DCC00B77C7B /* FirebaseStorage */ = {
			isa = XCSwiftPackageProductDependency;
			package = BFFDB3EB27604DCC00B77C7B /* XCRemoteSwiftPackageReference "firebase-ios-sdk" */;
			productName = FirebaseStorage;
		};
/* End XCSwiftPackageProductDependency section */
	};
	rootObject = BFA2F96A27603FEF00029961 /* Project object */;
}
